
Microsoft Visual Studio Solution File, Format Version 12.00
# Visual Studio Version 16
VisualStudioVersion = 16.0.30413.136
MinimumVisualStudioVersion = 10.0.40219.1
Project("{FAE04EC0-301F-11D3-BF4B-00C04F79EFBC}") = "WebAppMVCCoreNet5", "WebAppMVCCoreNet5\WebAppMVCCoreNet5.csproj", "{64C23F62-DAB4-479E-8EFD-BD44FFD6C295}"
EndProject
Global
	GlobalSection(SolutionConfigurationPlatforms) = preSolution
		Debug|Any CPU = Debug|Any CPU
		Release|Any CPU = Release|Any CPU
	EndGlobalSection
	GlobalSection(ProjectConfigurationPlatforms) = postSolution
		{64C23F62-DAB4-479E-8EFD-BD44FFD6C295}.Debug|Any CPU.ActiveCfg = Debug|Any CPU
		{64C23F62-DAB4-479E-8EFD-BD44FFD6C295}.Debug|Any CPU.Build.0 = Debug|Any CPU
		{64C23F62-DAB4-479E-8EFD-BD44FFD6C295}.Release|Any CPU.ActiveCfg = Release|Any CPU
		{64C23F62-DAB4-479E-8EFD-BD44FFD6C295}.Release|Any CPU.Build.0 = Release|Any CPU
	EndGlobalSection
	GlobalSection(SolutionProperties) = preSolution
		HideSolutionNode = FALSE
	EndGlobalSection
	GlobalSection(ExtensibilityGlobals) = postSolution
		SolutionGuid = {8CD69B91-DA60-483D-BC13-DA53782300DF}
	EndGlobalSection
EndGlobal
